
Microsoft Visual Studio Solution File, Format Version 12.00
# Visual Studio 15
VisualStudioVersion = 15.0.27428.2037
MinimumVisualStudioVersion = 10.0.40219.1
Project("{FAE04EC0-301F-11D3-BF4B-00C04F79EFBC}") = "ImageDatabaseView", "ImageDatabaseView\ImageDatabaseView.csproj", "{DFF4F7EB-6716-4476-80F6-15BFA3BA5848}"
EndProject
Project("{2150E333-8FDC-42A3-9474-1A3956D46DE8}") = "Solution Items", "Solution Items", "{97DF3B4D-77EE-4E15-A8CE-61C6887A0120}"
	ProjectSection(SolutionItems) = preProject
		access_schema.png = access_schema.png
		README.md = README.md
	EndProjectSection
EndProject
Global
	GlobalSection(SolutionConfigurationPlatforms) = preSolution
		Debug|Any CPU = Debug|Any CPU
		Release|Any CPU = Release|Any CPU
	EndGlobalSection
	GlobalSection(ProjectConfigurationPlatforms) = postSolution
		{DFF4F7EB-6716-4476-80F6-15BFA3BA5848}.Debug|Any CPU.ActiveCfg = Debug|Any CPU
		{DFF4F7EB-6716-4476-80F6-15BFA3BA5848}.Debug|Any CPU.Build.0 = Debug|Any CPU
		{DFF4F7EB-6716-4476-80F6-15BFA3BA5848}.Release|Any CPU.ActiveCfg = Release|Any CPU
		{DFF4F7EB-6716-4476-80F6-15BFA3BA5848}.Release|Any CPU.Build.0 = Release|Any CPU
	EndGlobalSection
	GlobalSection(SolutionProperties) = preSolution
		HideSolutionNode = FALSE
	EndGlobalSection
	GlobalSection(ExtensibilityGlobals) = postSolution
		SolutionGuid = {BE79ECDA-B484-41AC-B64B-9BFF257AB9CA}
	EndGlobalSection
EndGlobal
